
Microsoft Visual Studio Solution File, Format Version 12.00
# Visual Studio Version 17
VisualStudioVersion = 17.13.35931.197 d17.13
MinimumVisualStudioVersion = 10.0.40219.1
Project("{FAE04EC0-301F-11D3-BF4B-00C04F79EFBC}") = "ContactsManagement", "ContactsManagement.csproj", "{C871F6BA-1B68-4B3B-AF10-75F586623A8C}"
EndProject
Global
	GlobalSection(SolutionConfigurationPlatforms) = preSolution
		Debug|Any CPU = Debug|Any CPU
		Release|Any CPU = Release|Any CPU
	EndGlobalSection
	GlobalSection(ProjectConfigurationPlatforms) = postSolution
		{C871F6BA-1B68-4B3B-AF10-75F586623A8C}.Debug|Any CPU.ActiveCfg = Debug|Any CPU
		{C871F6BA-1B68-4B3B-AF10-75F586623A8C}.Debug|Any CPU.Build.0 = Debug|Any CPU
		{C871F6BA-1B68-4B3B-AF10-75F586623A8C}.Release|Any CPU.ActiveCfg = Release|Any CPU
		{C871F6BA-1B68-4B3B-AF10-75F586623A8C}.Release|Any CPU.Build.0 = Release|Any CPU
	EndGlobalSection
	GlobalSection(SolutionProperties) = preSolution
		HideSolutionNode = FALSE
	EndGlobalSection
	GlobalSection(ExtensibilityGlobals) = postSolution
		SolutionGuid = {D6E8DD59-A9EF-4C42-B295-644ACF394796}
	EndGlobalSection
EndGlobal
